
Microsoft Visual Studio Solution File, Format Version 12.00
# Visual Studio Version 17
VisualStudioVersion = 17.4.33213.308
MinimumVisualStudioVersion = 10.0.40219.1
Project("{FAE04EC0-301F-11D3-BF4B-00C04F79EFBC}") = "UTcode.Android", "UTcode\UTcode.Android\UTcode.Android.csproj", "{E43EA937-27F3-445F-B0A5-0475A79F26F7}"
EndProject
Project("{FAE04EC0-301F-11D3-BF4B-00C04F79EFBC}") = "UTcode.iOS", "UTcode\UTcode.iOS\UTcode.iOS.csproj", "{A13B1353-7D59-462D-891A-5165C2EFCEE8}"
EndProject
Project("{FAE04EC0-301F-11D3-BF4B-00C04F79EFBC}") = "UTcode", "UTcode\UTcode\UTcode.csproj", "{A7F08AAE-A4DA-420B-874A-BD63E199FA08}"
EndProject
Global
	GlobalSection(SolutionConfigurationPlatforms) = preSolution
		Debug|Any CPU = Debug|Any CPU
		Debug|iPhone = Debug|iPhone
		Debug|iPhoneSimulator = Debug|iPhoneSimulator
		Release|Any CPU = Release|Any CPU
		Release|iPhone = Release|iPhone
		Release|iPhoneSimulator = Release|iPhoneSimulator
	EndGlobalSection
	GlobalSection(ProjectConfigurationPlatforms) = postSolution
		{E43EA937-27F3-445F-B0A5-0475A79F26F7}.Debug|Any CPU.ActiveCfg = Debug|Any CPU
		{E43EA937-27F3-445F-B0A5-0475A79F26F7}.Debug|Any CPU.Build.0 = Debug|Any CPU
		{E43EA937-27F3-445F-B0A5-0475A79F26F7}.Debug|Any CPU.Deploy.0 = Debug|Any CPU
		{E43EA937-27F3-445F-B0A5-0475A79F26F7}.Debug|iPhone.ActiveCfg = Debug|Any CPU
		{E43EA937-27F3-445F-B0A5-0475A79F26F7}.Debug|iPhone.Build.0 = Debug|Any CPU
		{E43EA937-27F3-445F-B0A5-0475A79F26F7}.Debug|iPhone.Deploy.0 = Debug|Any CPU
		{E43EA937-27F3-445F-B0A5-0475A79F26F7}.Debug|iPhoneSimulator.ActiveCfg = Debug|Any CPU
		{E43EA937-27F3-445F-B0A5-0475A79F26F7}.Debug|iPhoneSimulator.Build.0 = Debug|Any CPU
		{E43EA937-27F3-445F-B0A5-0475A79F26F7}.Debug|iPhoneSimulator.Deploy.0 = Debug|Any CPU
		{E43EA937-27F3-445F-B0A5-0475A79F26F7}.Release|Any CPU.ActiveCfg = Release|Any CPU
		{E43EA937-27F3-445F-B0A5-0475A79F26F7}.Release|Any CPU.Build.0 = Release|Any CPU
		{E43EA937-27F3-445F-B0A5-0475A79F26F7}.Release|Any CPU.Deploy.0 = Release|Any CPU
		{E43EA937-27F3-445F-B0A5-0475A79F26F7}.Release|iPhone.ActiveCfg = Release|Any CPU
		{E43EA937-27F3-445F-B0A5-0475A79F26F7}.Release|iPhone.Build.0 = Release|Any CPU
		{E43EA937-27F3-445F-B0A5-0475A79F26F7}.Release|iPhone.Deploy.0 = Release|Any CPU
		{E43EA937-27F3-445F-B0A5-0475A79F26F7}.Release|iPhoneSimulator.ActiveCfg = Release|Any CPU
		{E43EA937-27F3-445F-B0A5-0475A79F26F7}.Release|iPhoneSimulator.Build.0 = Release|Any CPU
		{E43EA937-27F3-445F-B0A5-0475A79F26F7}.Release|iPhoneSimulator.Deploy.0 = Release|Any CPU
		{A13B1353-7D59-462D-891A-5165C2EFCEE8}.Debug|Any CPU.ActiveCfg = Debug|iPhone
		{A13B1353-7D59-462D-891A-5165C2EFCEE8}.Debug|Any CPU.Build.0 = Debug|iPhone
		{A13B1353-7D59-462D-891A-5165C2EFCEE8}.Debug|Any CPU.Deploy.0 = Debug|iPhone
		{A13B1353-7D59-462D-891A-5165C2EFCEE8}.Debug|iPhone.ActiveCfg = Debug|iPhone
		{A13B1353-7D59-462D-891A-5165C2EFCEE8}.Debug|iPhone.Build.0 = Debug|iPhone
		{A13B1353-7D59-462D-891A-5165C2EFCEE8}.Debug|iPhone.Deploy.0 = Debug|iPhone
		{A13B1353-7D59-462D-891A-5165C2EFCEE8}.Debug|iPhoneSimulator.ActiveCfg = Debug|iPhoneSimulator
		{A13B1353-7D59-462D-891A-5165C2EFCEE8}.Debug|iPhoneSimulator.Build.0 = Debug|iPhoneSimulator
		{A13B1353-7D59-462D-891A-5165C2EFCEE8}.Debug|iPhoneSimulator.Deploy.0 = Debug|iPhoneSimulator
		{A13B1353-7D59-462D-891A-5165C2EFCEE8}.Release|Any CPU.ActiveCfg = Release|iPhoneSimulator
		{A13B1353-7D59-462D-891A-5165C2EFCEE8}.Release|Any CPU.Build.0 = Release|iPhoneSimulator
		{A13B1353-7D59-462D-891A-5165C2EFCEE8}.Release|Any CPU.Deploy.0 = Release|iPhoneSimulator
		{A13B1353-7D59-462D-891A-5165C2EFCEE8}.Release|iPhone.ActiveCfg = Release|iPhone
		{A13B1353-7D59-462D-891A-5165C2EFCEE8}.Release|iPhone.Build.0 = Release|iPhone
		{A13B1353-7D59-462D-891A-5165C2EFCEE8}.Release|iPhone.Deploy.0 = Release|iPhone
		{A13B1353-7D59-462D-891A-5165C2EFCEE8}.Release|iPhoneSimulator.ActiveCfg = Release|iPhoneSimulator
		{A13B1353-7D59-462D-891A-5165C2EFCEE8}.Release|iPhoneSimulator.Build.0 = Release|iPhoneSimulator
		{A13B1353-7D59-462D-891A-5165C2EFCEE8}.Release|iPhoneSimulator.Deploy.0 = Release|iPhoneSimulator
		{A7F08AAE-A4DA-420B-874A-BD63E199FA08}.Debug|Any CPU.ActiveCfg = Debug|Any CPU
		{A7F08AAE-A4DA-420B-874A-BD63E199FA08}.Debug|Any CPU.Build.0 = Debug|Any CPU
		{A7F08AAE-A4DA-420B-874A-BD63E199FA08}.Debug|Any CPU.Deploy.0 = Debug|Any CPU
		{A7F08AAE-A4DA-420B-874A-BD63E199FA08}.Debug|iPhone.ActiveCfg = Debug|Any CPU
		{A7F08AAE-A4DA-420B-874A-BD63E199FA08}.Debug|iPhone.Build.0 = Debug|Any CPU
		{A7F08AAE-A4DA-420B-874A-BD63E199FA08}.Debug|iPhone.Deploy.0 = Debug|Any CPU
		{A7F08AAE-A4DA-420B-874A-BD63E199FA08}.Debug|iPhoneSimulator.ActiveCfg = Debug|Any CPU
		{A7F08AAE-A4DA-420B-874A-BD63E199FA08}.Debug|iPhoneSimulator.Build.0 = Debug|Any CPU
		{A7F08AAE-A4DA-420B-874A-BD63E199FA08}.Debug|iPhoneSimulator.Deploy.0 = Debug|Any CPU
		{A7F08AAE-A4DA-420B-874A-BD63E199FA08}.Release|Any CPU.ActiveCfg = Release|Any CPU
		{A7F08AAE-A4DA-420B-874A-BD63E199FA08}.Release|Any CPU.Build.0 = Release|Any CPU
		{A7F08AAE-A4DA-420B-874A-BD63E199FA08}.Release|Any CPU.Deploy.0 = Release|Any CPU
		{A7F08AAE-A4DA-420B-874A-BD63E199FA08}.Release|iPhone.ActiveCfg = Release|Any CPU
		{A7F08AAE-A4DA-420B-874A-BD63E199FA08}.Release|iPhone.Build.0 = Release|Any CPU
		{A7F08AAE-A4DA-420B-874A-BD63E199FA08}.Release|iPhone.Deploy.0 = Release|Any CPU
		{A7F08AAE-A4DA-420B-874A-BD63E199FA08}.Release|iPhoneSimulator.ActiveCfg = Release|Any CPU
		{A7F08AAE-A4DA-420B-874A-BD63E199FA08}.Release|iPhoneSimulator.Build.0 = Release|Any CPU
		{A7F08AAE-A4DA-420B-874A-BD63E199FA08}.Release|iPhoneSimulator.Deploy.0 = Release|Any CPU
	EndGlobalSection
	GlobalSection(SolutionProperties) = preSolution
		HideSolutionNode = FALSE
	EndGlobalSection
	GlobalSection(ExtensibilityGlobals) = postSolution
		SolutionGuid = {ABB697A0-AD96-4078-90B8-77D6E6F90389}
	EndGlobalSection
EndGlobal
